
Microsoft Visual Studio Solution File, Format Version 12.00
# Visual Studio Version 16
VisualStudioVersion = 16.0.29911.84
MinimumVisualStudioVersion = 10.0.40219.1
Project("{FAE04EC0-301F-11D3-BF4B-00C04F79EFBC}") = "RoomsAnalysing", "RoomsAnalysing\RoomsAnalysing.csproj", "{5F3D5CFE-EF04-4807-A78E-90FA839AF696}"
EndProject
Global
	GlobalSection(SolutionConfigurationPlatforms) = preSolution
		Debug|Any CPU = Debug|Any CPU
		Release|Any CPU = Release|Any CPU
	EndGlobalSection
	GlobalSection(ProjectConfigurationPlatforms) = postSolution
		{5F3D5CFE-EF04-4807-A78E-90FA839AF696}.Debug|Any CPU.ActiveCfg = Debug|Any CPU
		{5F3D5CFE-EF04-4807-A78E-90FA839AF696}.Debug|Any CPU.Build.0 = Debug|Any CPU
		{5F3D5CFE-EF04-4807-A78E-90FA839AF696}.Release|Any CPU.ActiveCfg = Release|Any CPU
		{5F3D5CFE-EF04-4807-A78E-90FA839AF696}.Release|Any CPU.Build.0 = Release|Any CPU
	EndGlobalSection
	GlobalSection(SolutionProperties) = preSolution
		HideSolutionNode = FALSE
	EndGlobalSection
	GlobalSection(ExtensibilityGlobals) = postSolution
		SolutionGuid = {E1DE15FD-6881-4DAB-B1D4-10F130DFA0A1}
	EndGlobalSection
EndGlobal
